
Microsoft Visual Studio Solution File, Format Version 12.00
# Visual Studio 14
VisualStudioVersion = 14.0.23107.0
MinimumVisualStudioVersion = 10.0.40219.1
Project("{2150E333-8FDC-42A3-9474-1A3956D46DE8}") = "Engine", "Engine", "{A05E6E1B-9EA1-4B4C-B7A8-0FA6AE59A38C}"
EndProject
Project("{2150E333-8FDC-42A3-9474-1A3956D46DE8}") = "Games", "Games", "{5BF047D4-1B39-4AA3-BFD0-28C112959D58}"
EndProject
Project("{8BC9CEB8-8B4A-11D0-8D11-00A0C91BC942}") = "UE4", "Intermediate\ProjectFiles\UE4.vcxproj", "{A7FFC476-F7B7-4C15-B938-D195EEC0BE4D}"
EndProject
Project("{8BC9CEB8-8B4A-11D0-8D11-00A0C91BC942}") = "DissertationLevel", "Intermediate\ProjectFiles\DissertationLevel.vcxproj", "{4D6E9ACE-3F3F-4347-AB03-B926BCBE5ABD}"
EndProject
Global
	GlobalSection(SolutionConfigurationPlatforms) = preSolution
		DebugGame Editor|HTML5 = DebugGame Editor|HTML5
		DebugGame Editor|Win32 = DebugGame Editor|Win32
		DebugGame Editor|Win64 = DebugGame Editor|Win64
		DebugGame|HTML5 = DebugGame|HTML5
		DebugGame|Win32 = DebugGame|Win32
		DebugGame|Win64 = DebugGame|Win64
		Development Editor|HTML5 = Development Editor|HTML5
		Development Editor|Win32 = Development Editor|Win32
		Development Editor|Win64 = Development Editor|Win64
		Development|HTML5 = Development|HTML5
		Development|Win32 = Development|Win32
		Development|Win64 = Development|Win64
		Shipping|HTML5 = Shipping|HTML5
		Shipping|Win32 = Shipping|Win32
		Shipping|Win64 = Shipping|Win64
	EndGlobalSection
	GlobalSection(ProjectConfigurationPlatforms) = postSolution
		{A7FFC476-F7B7-4C15-B938-D195EEC0BE4D}.DebugGame Editor|HTML5.ActiveCfg = BuiltWithUnrealBuildTool|Win32
		{A7FFC476-F7B7-4C15-B938-D195EEC0BE4D}.DebugGame Editor|HTML5.Build.0 = BuiltWithUnrealBuildTool|Win32
		{A7FFC476-F7B7-4C15-B938-D195EEC0BE4D}.DebugGame Editor|Win32.ActiveCfg = BuiltWithUnrealBuildTool|Win32
		{A7FFC476-F7B7-4C15-B938-D195EEC0BE4D}.DebugGame Editor|Win32.Build.0 = BuiltWithUnrealBuildTool|Win32
		{A7FFC476-F7B7-4C15-B938-D195EEC0BE4D}.DebugGame Editor|Win64.ActiveCfg = BuiltWithUnrealBuildTool|Win32
		{A7FFC476-F7B7-4C15-B938-D195EEC0BE4D}.DebugGame Editor|Win64.Build.0 = BuiltWithUnrealBuildTool|Win32
		{A7FFC476-F7B7-4C15-B938-D195EEC0BE4D}.DebugGame|HTML5.ActiveCfg = BuiltWithUnrealBuildTool|Win32
		{A7FFC476-F7B7-4C15-B938-D195EEC0BE4D}.DebugGame|HTML5.Build.0 = BuiltWithUnrealBuildTool|Win32
		{A7FFC476-F7B7-4C15-B938-D195EEC0BE4D}.DebugGame|Win32.ActiveCfg = BuiltWithUnrealBuildTool|Win32
		{A7FFC476-F7B7-4C15-B938-D195EEC0BE4D}.DebugGame|Win32.Build.0 = BuiltWithUnrealBuildTool|Win32
		{A7FFC476-F7B7-4C15-B938-D195EEC0BE4D}.DebugGame|Win64.ActiveCfg = BuiltWithUnrealBuildTool|Win32
		{A7FFC476-F7B7-4C15-B938-D195EEC0BE4D}.DebugGame|Win64.Build.0 = BuiltWithUnrealBuildTool|Win32
		{A7FFC476-F7B7-4C15-B938-D195EEC0BE4D}.Development Editor|HTML5.ActiveCfg = BuiltWithUnrealBuildTool|Win32
		{A7FFC476-F7B7-4C15-B938-D195EEC0BE4D}.Development Editor|HTML5.Build.0 = BuiltWithUnrealBuildTool|Win32
		{A7FFC476-F7B7-4C15-B938-D195EEC0BE4D}.Development Editor|Win32.ActiveCfg = BuiltWithUnrealBuildTool|Win32
		{A7FFC476-F7B7-4C15-B938-D195EEC0BE4D}.Development Editor|Win32.Build.0 = BuiltWithUnrealBuildTool|Win32
		{A7FFC476-F7B7-4C15-B938-D195EEC0BE4D}.Development Editor|Win64.ActiveCfg = BuiltWithUnrealBuildTool|Win32
		{A7FFC476-F7B7-4C15-B938-D195EEC0BE4D}.Development Editor|Win64.Build.0 = BuiltWithUnrealBuildTool|Win32
		{A7FFC476-F7B7-4C15-B938-D195EEC0BE4D}.Development|HTML5.ActiveCfg = BuiltWithUnrealBuildTool|Win32
		{A7FFC476-F7B7-4C15-B938-D195EEC0BE4D}.Development|HTML5.Build.0 = BuiltWithUnrealBuildTool|Win32
		{A7FFC476-F7B7-4C15-B938-D195EEC0BE4D}.Development|Win32.ActiveCfg = BuiltWithUnrealBuildTool|Win32
		{A7FFC476-F7B7-4C15-B938-D195EEC0BE4D}.Development|Win32.Build.0 = BuiltWithUnrealBuildTool|Win32
		{A7FFC476-F7B7-4C15-B938-D195EEC0BE4D}.Development|Win64.ActiveCfg = BuiltWithUnrealBuildTool|Win32
		{A7FFC476-F7B7-4C15-B938-D195EEC0BE4D}.Development|Win64.Build.0 = BuiltWithUnrealBuildTool|Win32
		{A7FFC476-F7B7-4C15-B938-D195EEC0BE4D}.Shipping|HTML5.ActiveCfg = BuiltWithUnrealBuildTool|Win32
		{A7FFC476-F7B7-4C15-B938-D195EEC0BE4D}.Shipping|HTML5.Build.0 = BuiltWithUnrealBuildTool|Win32
		{A7FFC476-F7B7-4C15-B938-D195EEC0BE4D}.Shipping|Win32.ActiveCfg = BuiltWithUnrealBuildTool|Win32
		{A7FFC476-F7B7-4C15-B938-D195EEC0BE4D}.Shipping|Win32.Build.0 = BuiltWithUnrealBuildTool|Win32
		{A7FFC476-F7B7-4C15-B938-D195EEC0BE4D}.Shipping|Win64.ActiveCfg = BuiltWithUnrealBuildTool|Win32
		{A7FFC476-F7B7-4C15-B938-D195EEC0BE4D}.Shipping|Win64.Build.0 = BuiltWithUnrealBuildTool|Win32
		{4D6E9ACE-3F3F-4347-AB03-B926BCBE5ABD}.DebugGame Editor|HTML5.ActiveCfg = HTML5_DebugGame_Editor|Win32
		{4D6E9ACE-3F3F-4347-AB03-B926BCBE5ABD}.DebugGame Editor|Win32.ActiveCfg = DebugGame_Editor|Win32
		{4D6E9ACE-3F3F-4347-AB03-B926BCBE5ABD}.DebugGame Editor|Win64.ActiveCfg = DebugGame_Editor|x64
		{4D6E9ACE-3F3F-4347-AB03-B926BCBE5ABD}.DebugGame Editor|Win64.Build.0 = DebugGame_Editor|x64
		{4D6E9ACE-3F3F-4347-AB03-B926BCBE5ABD}.DebugGame|HTML5.ActiveCfg = HTML5_DebugGame_Game|Win32
		{4D6E9ACE-3F3F-4347-AB03-B926BCBE5ABD}.DebugGame|HTML5.Build.0 = HTML5_DebugGame_Game|Win32
		{4D6E9ACE-3F3F-4347-AB03-B926BCBE5ABD}.DebugGame|Win32.ActiveCfg = DebugGame_Game|Win32
		{4D6E9ACE-3F3F-4347-AB03-B926BCBE5ABD}.DebugGame|Win32.Build.0 = DebugGame_Game|Win32
		{4D6E9ACE-3F3F-4347-AB03-B926BCBE5ABD}.DebugGame|Win64.ActiveCfg = DebugGame_Game|x64
		{4D6E9ACE-3F3F-4347-AB03-B926BCBE5ABD}.DebugGame|Win64.Build.0 = DebugGame_Game|x64
		{4D6E9ACE-3F3F-4347-AB03-B926BCBE5ABD}.Development Editor|HTML5.ActiveCfg = HTML5_Development_Editor|Win32
		{4D6E9ACE-3F3F-4347-AB03-B926BCBE5ABD}.Development Editor|Win32.ActiveCfg = Development_Editor|Win32
		{4D6E9ACE-3F3F-4347-AB03-B926BCBE5ABD}.Development Editor|Win64.ActiveCfg = Development_Editor|x64
		{4D6E9ACE-3F3F-4347-AB03-B926BCBE5ABD}.Development Editor|Win64.Build.0 = Development_Editor|x64
		{4D6E9ACE-3F3F-4347-AB03-B926BCBE5ABD}.Development|HTML5.ActiveCfg = HTML5_Development_Game|Win32
		{4D6E9ACE-3F3F-4347-AB03-B926BCBE5ABD}.Development|HTML5.Build.0 = HTML5_Development_Game|Win32
		{4D6E9ACE-3F3F-4347-AB03-B926BCBE5ABD}.Development|Win32.ActiveCfg = Development_Game|Win32
		{4D6E9ACE-3F3F-4347-AB03-B926BCBE5ABD}.Development|Win32.Build.0 = Development_Game|Win32
		{4D6E9ACE-3F3F-4347-AB03-B926BCBE5ABD}.Development|Win64.ActiveCfg = Development_Game|x64
		{4D6E9ACE-3F3F-4347-AB03-B926BCBE5ABD}.Development|Win64.Build.0 = Development_Game|x64
		{4D6E9ACE-3F3F-4347-AB03-B926BCBE5ABD}.Shipping|HTML5.ActiveCfg = HTML5_Shipping_Game|Win32
		{4D6E9ACE-3F3F-4347-AB03-B926BCBE5ABD}.Shipping|HTML5.Build.0 = HTML5_Shipping_Game|Win32
		{4D6E9ACE-3F3F-4347-AB03-B926BCBE5ABD}.Shipping|Win32.ActiveCfg = Shipping_Game|Win32
		{4D6E9ACE-3F3F-4347-AB03-B926BCBE5ABD}.Shipping|Win32.Build.0 = Shipping_Game|Win32
		{4D6E9ACE-3F3F-4347-AB03-B926BCBE5ABD}.Shipping|Win64.ActiveCfg = Shipping_Game|x64
		{4D6E9ACE-3F3F-4347-AB03-B926BCBE5ABD}.Shipping|Win64.Build.0 = Shipping_Game|x64
	EndGlobalSection
	GlobalSection(SolutionProperties) = preSolution
		HideSolutionNode = FALSE
	EndGlobalSection
	GlobalSection(NestedProjects) = preSolution
		{A7FFC476-F7B7-4C15-B938-D195EEC0BE4D} = {A05E6E1B-9EA1-4B4C-B7A8-0FA6AE59A38C}
		{4D6E9ACE-3F3F-4347-AB03-B926BCBE5ABD} = {5BF047D4-1B39-4AA3-BFD0-28C112959D58}
	EndGlobalSection
EndGlobal
