
Microsoft Visual Studio Solution File, Format Version 12.00
# Visual Studio 14
VisualStudioVersion = 14.0.23107.0
MinimumVisualStudioVersion = 10.0.40219.1
Project("{2150E333-8FDC-42A3-9474-1A3956D46DE8}") = "Engine", "Engine", "{604CD4EA-26A2-4EC4-A5A6-C74A732E6713}"
EndProject
Project("{2150E333-8FDC-42A3-9474-1A3956D46DE8}") = "Games", "Games", "{AE2D5BBE-710A-4CD0-BB82-39DA5FD6AFC1}"
EndProject
Project("{8BC9CEB8-8B4A-11D0-8D11-00A0C91BC942}") = "UE4", "Intermediate\ProjectFiles\UE4.vcxproj", "{BC85F6C1-35F1-491D-ADF9-6A866796242A}"
EndProject
Project("{8BC9CEB8-8B4A-11D0-8D11-00A0C91BC942}") = "DissertationLevel", "Intermediate\ProjectFiles\DissertationLevel.vcxproj", "{B62024A0-8828-4ED9-9577-46DCCCA9BBE8}"
EndProject
Global
	GlobalSection(SolutionConfigurationPlatforms) = preSolution
		DebugGame Editor|HTML5 = DebugGame Editor|HTML5
		DebugGame Editor|Win32 = DebugGame Editor|Win32
		DebugGame Editor|Win64 = DebugGame Editor|Win64
		DebugGame|HTML5 = DebugGame|HTML5
		DebugGame|Win32 = DebugGame|Win32
		DebugGame|Win64 = DebugGame|Win64
		Development Editor|HTML5 = Development Editor|HTML5
		Development Editor|Win32 = Development Editor|Win32
		Development Editor|Win64 = Development Editor|Win64
		Development|HTML5 = Development|HTML5
		Development|Win32 = Development|Win32
		Development|Win64 = Development|Win64
		Shipping|HTML5 = Shipping|HTML5
		Shipping|Win32 = Shipping|Win32
		Shipping|Win64 = Shipping|Win64
	EndGlobalSection
	GlobalSection(ProjectConfigurationPlatforms) = postSolution
		{BC85F6C1-35F1-491D-ADF9-6A866796242A}.DebugGame Editor|HTML5.ActiveCfg = BuiltWithUnrealBuildTool|Win32
		{BC85F6C1-35F1-491D-ADF9-6A866796242A}.DebugGame Editor|HTML5.Build.0 = BuiltWithUnrealBuildTool|Win32
		{BC85F6C1-35F1-491D-ADF9-6A866796242A}.DebugGame Editor|Win32.ActiveCfg = BuiltWithUnrealBuildTool|Win32
		{BC85F6C1-35F1-491D-ADF9-6A866796242A}.DebugGame Editor|Win32.Build.0 = BuiltWithUnrealBuildTool|Win32
		{BC85F6C1-35F1-491D-ADF9-6A866796242A}.DebugGame Editor|Win64.ActiveCfg = BuiltWithUnrealBuildTool|Win32
		{BC85F6C1-35F1-491D-ADF9-6A866796242A}.DebugGame Editor|Win64.Build.0 = BuiltWithUnrealBuildTool|Win32
		{BC85F6C1-35F1-491D-ADF9-6A866796242A}.DebugGame|HTML5.ActiveCfg = BuiltWithUnrealBuildTool|Win32
		{BC85F6C1-35F1-491D-ADF9-6A866796242A}.DebugGame|HTML5.Build.0 = BuiltWithUnrealBuildTool|Win32
		{BC85F6C1-35F1-491D-ADF9-6A866796242A}.DebugGame|Win32.ActiveCfg = BuiltWithUnrealBuildTool|Win32
		{BC85F6C1-35F1-491D-ADF9-6A866796242A}.DebugGame|Win32.Build.0 = BuiltWithUnrealBuildTool|Win32
		{BC85F6C1-35F1-491D-ADF9-6A866796242A}.DebugGame|Win64.ActiveCfg = BuiltWithUnrealBuildTool|Win32
		{BC85F6C1-35F1-491D-ADF9-6A866796242A}.DebugGame|Win64.Build.0 = BuiltWithUnrealBuildTool|Win32
		{BC85F6C1-35F1-491D-ADF9-6A866796242A}.Development Editor|HTML5.ActiveCfg = BuiltWithUnrealBuildTool|Win32
		{BC85F6C1-35F1-491D-ADF9-6A866796242A}.Development Editor|HTML5.Build.0 = BuiltWithUnrealBuildTool|Win32
		{BC85F6C1-35F1-491D-ADF9-6A866796242A}.Development Editor|Win32.ActiveCfg = BuiltWithUnrealBuildTool|Win32
		{BC85F6C1-35F1-491D-ADF9-6A866796242A}.Development Editor|Win32.Build.0 = BuiltWithUnrealBuildTool|Win32
		{BC85F6C1-35F1-491D-ADF9-6A866796242A}.Development Editor|Win64.ActiveCfg = BuiltWithUnrealBuildTool|Win32
		{BC85F6C1-35F1-491D-ADF9-6A866796242A}.Development Editor|Win64.Build.0 = BuiltWithUnrealBuildTool|Win32
		{BC85F6C1-35F1-491D-ADF9-6A866796242A}.Development|HTML5.ActiveCfg = BuiltWithUnrealBuildTool|Win32
		{BC85F6C1-35F1-491D-ADF9-6A866796242A}.Development|HTML5.Build.0 = BuiltWithUnrealBuildTool|Win32
		{BC85F6C1-35F1-491D-ADF9-6A866796242A}.Development|Win32.ActiveCfg = BuiltWithUnrealBuildTool|Win32
		{BC85F6C1-35F1-491D-ADF9-6A866796242A}.Development|Win32.Build.0 = BuiltWithUnrealBuildTool|Win32
		{BC85F6C1-35F1-491D-ADF9-6A866796242A}.Development|Win64.ActiveCfg = BuiltWithUnrealBuildTool|Win32
		{BC85F6C1-35F1-491D-ADF9-6A866796242A}.Development|Win64.Build.0 = BuiltWithUnrealBuildTool|Win32
		{BC85F6C1-35F1-491D-ADF9-6A866796242A}.Shipping|HTML5.ActiveCfg = BuiltWithUnrealBuildTool|Win32
		{BC85F6C1-35F1-491D-ADF9-6A866796242A}.Shipping|HTML5.Build.0 = BuiltWithUnrealBuildTool|Win32
		{BC85F6C1-35F1-491D-ADF9-6A866796242A}.Shipping|Win32.ActiveCfg = BuiltWithUnrealBuildTool|Win32
		{BC85F6C1-35F1-491D-ADF9-6A866796242A}.Shipping|Win32.Build.0 = BuiltWithUnrealBuildTool|Win32
		{BC85F6C1-35F1-491D-ADF9-6A866796242A}.Shipping|Win64.ActiveCfg = BuiltWithUnrealBuildTool|Win32
		{BC85F6C1-35F1-491D-ADF9-6A866796242A}.Shipping|Win64.Build.0 = BuiltWithUnrealBuildTool|Win32
		{B62024A0-8828-4ED9-9577-46DCCCA9BBE8}.DebugGame Editor|HTML5.ActiveCfg = HTML5_DebugGame_Editor|Win32
		{B62024A0-8828-4ED9-9577-46DCCCA9BBE8}.DebugGame Editor|Win32.ActiveCfg = DebugGame_Editor|Win32
		{B62024A0-8828-4ED9-9577-46DCCCA9BBE8}.DebugGame Editor|Win64.ActiveCfg = DebugGame_Editor|x64
		{B62024A0-8828-4ED9-9577-46DCCCA9BBE8}.DebugGame Editor|Win64.Build.0 = DebugGame_Editor|x64
		{B62024A0-8828-4ED9-9577-46DCCCA9BBE8}.DebugGame|HTML5.ActiveCfg = HTML5_DebugGame_Game|Win32
		{B62024A0-8828-4ED9-9577-46DCCCA9BBE8}.DebugGame|HTML5.Build.0 = HTML5_DebugGame_Game|Win32
		{B62024A0-8828-4ED9-9577-46DCCCA9BBE8}.DebugGame|Win32.ActiveCfg = DebugGame_Game|Win32
		{B62024A0-8828-4ED9-9577-46DCCCA9BBE8}.DebugGame|Win32.Build.0 = DebugGame_Game|Win32
		{B62024A0-8828-4ED9-9577-46DCCCA9BBE8}.DebugGame|Win64.ActiveCfg = DebugGame_Game|x64
		{B62024A0-8828-4ED9-9577-46DCCCA9BBE8}.DebugGame|Win64.Build.0 = DebugGame_Game|x64
		{B62024A0-8828-4ED9-9577-46DCCCA9BBE8}.Development Editor|HTML5.ActiveCfg = HTML5_Development_Editor|Win32
		{B62024A0-8828-4ED9-9577-46DCCCA9BBE8}.Development Editor|Win32.ActiveCfg = Development_Editor|Win32
		{B62024A0-8828-4ED9-9577-46DCCCA9BBE8}.Development Editor|Win64.ActiveCfg = Development_Editor|x64
		{B62024A0-8828-4ED9-9577-46DCCCA9BBE8}.Development Editor|Win64.Build.0 = Development_Editor|x64
		{B62024A0-8828-4ED9-9577-46DCCCA9BBE8}.Development|HTML5.ActiveCfg = HTML5_Development_Game|Win32
		{B62024A0-8828-4ED9-9577-46DCCCA9BBE8}.Development|HTML5.Build.0 = HTML5_Development_Game|Win32
		{B62024A0-8828-4ED9-9577-46DCCCA9BBE8}.Development|Win32.ActiveCfg = Development_Game|Win32
		{B62024A0-8828-4ED9-9577-46DCCCA9BBE8}.Development|Win32.Build.0 = Development_Game|Win32
		{B62024A0-8828-4ED9-9577-46DCCCA9BBE8}.Development|Win64.ActiveCfg = Development_Game|x64
		{B62024A0-8828-4ED9-9577-46DCCCA9BBE8}.Development|Win64.Build.0 = Development_Game|x64
		{B62024A0-8828-4ED9-9577-46DCCCA9BBE8}.Shipping|HTML5.ActiveCfg = HTML5_Shipping_Game|Win32
		{B62024A0-8828-4ED9-9577-46DCCCA9BBE8}.Shipping|HTML5.Build.0 = HTML5_Shipping_Game|Win32
		{B62024A0-8828-4ED9-9577-46DCCCA9BBE8}.Shipping|Win32.ActiveCfg = Shipping_Game|Win32
		{B62024A0-8828-4ED9-9577-46DCCCA9BBE8}.Shipping|Win32.Build.0 = Shipping_Game|Win32
		{B62024A0-8828-4ED9-9577-46DCCCA9BBE8}.Shipping|Win64.ActiveCfg = Shipping_Game|x64
		{B62024A0-8828-4ED9-9577-46DCCCA9BBE8}.Shipping|Win64.Build.0 = Shipping_Game|x64
	EndGlobalSection
	GlobalSection(SolutionProperties) = preSolution
		HideSolutionNode = FALSE
	EndGlobalSection
	GlobalSection(NestedProjects) = preSolution
		{BC85F6C1-35F1-491D-ADF9-6A866796242A} = {604CD4EA-26A2-4EC4-A5A6-C74A732E6713}
		{B62024A0-8828-4ED9-9577-46DCCCA9BBE8} = {AE2D5BBE-710A-4CD0-BB82-39DA5FD6AFC1}
	EndGlobalSection
EndGlobal
